
Microsoft Visual Studio Solution File, Format Version 12.00
# Visual Studio Version 16
VisualStudioVersion = 16.0.29025.244
MinimumVisualStudioVersion = 10.0.40219.1
Project("{9A19103F-16F7-4668-BE54-9A1E7A4F7556}") = "DevConnectorBackEnd", "ProjetoDevConnectorBackEnd\DevConnectorBackEnd.csproj", "{8E171331-D428-48BD-8FA1-3C2F1A153C05}"
EndProject
Global
	GlobalSection(SolutionConfigurationPlatforms) = preSolution
		Debug|Any CPU = Debug|Any CPU
		Release|Any CPU = Release|Any CPU
	EndGlobalSection
	GlobalSection(ProjectConfigurationPlatforms) = postSolution
		{8E171331-D428-48BD-8FA1-3C2F1A153C05}.Debug|Any CPU.ActiveCfg = Debug|Any CPU
		{8E171331-D428-48BD-8FA1-3C2F1A153C05}.Debug|Any CPU.Build.0 = Debug|Any CPU
		{8E171331-D428-48BD-8FA1-3C2F1A153C05}.Release|Any CPU.ActiveCfg = Release|Any CPU
		{8E171331-D428-48BD-8FA1-3C2F1A153C05}.Release|Any CPU.Build.0 = Release|Any CPU
	EndGlobalSection
	GlobalSection(SolutionProperties) = preSolution
		HideSolutionNode = FALSE
	EndGlobalSection
	GlobalSection(ExtensibilityGlobals) = postSolution
		SolutionGuid = {32946816-9C36-4F89-BAAA-DF6AB4DA191C}
	EndGlobalSection
EndGlobal
